
Microsoft Visual Studio Solution File, Format Version 12.00
# Visual Studio Version 16
VisualStudioVersion = 16.0.30413.136
MinimumVisualStudioVersion = 10.0.40219.1
Project("{888888A0-9F3D-457C-B088-3A5042F75D52}") = "Esimene", "Esimene.pyproj", "{C0B2D313-B4B2-4700-9C1D-A7D7442C1E5D}"
EndProject
Global
	GlobalSection(SolutionConfigurationPlatforms) = preSolution
		Debug|Any CPU = Debug|Any CPU
		Release|Any CPU = Release|Any CPU
	EndGlobalSection
	GlobalSection(ProjectConfigurationPlatforms) = postSolution
		{C0B2D313-B4B2-4700-9C1D-A7D7442C1E5D}.Debug|Any CPU.ActiveCfg = Debug|Any CPU
		{C0B2D313-B4B2-4700-9C1D-A7D7442C1E5D}.Release|Any CPU.ActiveCfg = Release|Any CPU
	EndGlobalSection
	GlobalSection(SolutionProperties) = preSolution
		HideSolutionNode = FALSE
	EndGlobalSection
	GlobalSection(ExtensibilityGlobals) = postSolution
		SolutionGuid = {1B0B9B87-00E4-4A29-9DCB-719576600D04}
	EndGlobalSection
EndGlobal
